
Microsoft Visual Studio Solution File, Format Version 12.00
# Visual Studio Version 17
VisualStudioVersion = 17.2.32505.173
MinimumVisualStudioVersion = 10.0.40219.1
Project("{FAE04EC0-301F-11D3-BF4B-00C04F79EFBC}") = "ThinkLikeAProg", "ThinkLikeAProg\ThinkLikeAProg.csproj", "{F7680984-BEC4-4B0B-9A55-BC50320CF778}"
EndProject
Global
	GlobalSection(SolutionConfigurationPlatforms) = preSolution
		Debug|Any CPU = Debug|Any CPU
		Release|Any CPU = Release|Any CPU
	EndGlobalSection
	GlobalSection(ProjectConfigurationPlatforms) = postSolution
		{F7680984-BEC4-4B0B-9A55-BC50320CF778}.Debug|Any CPU.ActiveCfg = Debug|Any CPU
		{F7680984-BEC4-4B0B-9A55-BC50320CF778}.Debug|Any CPU.Build.0 = Debug|Any CPU
		{F7680984-BEC4-4B0B-9A55-BC50320CF778}.Release|Any CPU.ActiveCfg = Release|Any CPU
		{F7680984-BEC4-4B0B-9A55-BC50320CF778}.Release|Any CPU.Build.0 = Release|Any CPU
	EndGlobalSection
	GlobalSection(SolutionProperties) = preSolution
		HideSolutionNode = FALSE
	EndGlobalSection
	GlobalSection(ExtensibilityGlobals) = postSolution
		SolutionGuid = {92BAC077-1BA9-4EE6-ACCC-9248E1CCFF8D}
	EndGlobalSection
EndGlobal
